
Microsoft Visual Studio Solution File, Format Version 12.00
# Visual Studio Version 17
VisualStudioVersion = 17.10.35013.160
MinimumVisualStudioVersion = 10.0.40219.1
Project("{FAE04EC0-301F-11D3-BF4B-00C04F79EFBC}") = "Dot-Net-Core-App", "Dot-Net-Core-App\Dot-Net-Core-App.csproj", "{B14F7CDE-FF08-453F-AB50-82C722AED3E9}"
EndProject
Global
	GlobalSection(SolutionConfigurationPlatforms) = preSolution
		Debug|Any CPU = Debug|Any CPU
		Release|Any CPU = Release|Any CPU
	EndGlobalSection
	GlobalSection(ProjectConfigurationPlatforms) = postSolution
		{B14F7CDE-FF08-453F-AB50-82C722AED3E9}.Debug|Any CPU.ActiveCfg = Debug|Any CPU
		{B14F7CDE-FF08-453F-AB50-82C722AED3E9}.Debug|Any CPU.Build.0 = Debug|Any CPU
		{B14F7CDE-FF08-453F-AB50-82C722AED3E9}.Release|Any CPU.ActiveCfg = Release|Any CPU
		{B14F7CDE-FF08-453F-AB50-82C722AED3E9}.Release|Any CPU.Build.0 = Release|Any CPU
	EndGlobalSection
	GlobalSection(SolutionProperties) = preSolution
		HideSolutionNode = FALSE
	EndGlobalSection
	GlobalSection(ExtensibilityGlobals) = postSolution
		SolutionGuid = {472D036F-F94C-403D-8F0E-D4AA5E6F0FD8}
	EndGlobalSection
EndGlobal
